// !$*UTF8*$!
{
	archiveVersion = 1;
	classes = {
	};
	objectVersion = 46;
	objects = {

/* Begin PBXBuildFile section */
		92B0A84319A5EBFD00FBC456 /* main.swift in Sources */ = {isa = PBXBuildFile; fileRef = 92B0A84219A5EBFD00FBC456 /* main.swift */; };
		92B0A84A19A5EC0900FBC456 /* stdio.swift in Sources */ = {isa = PBXBuildFile; fileRef = 92B0A84919A5EC0900FBC456 /* stdio.swift */; };
/* End PBXBuildFile section */

/* Begin PBXCopyFilesBuildPhase section */
		92B0A83D19A5EBFD00FBC456 /* CopyFiles */ = {
			isa = PBXCopyFilesBuildPhase;
			buildActionMask = 2147483647;
			dstPath = /usr/share/man/man1/;
			dstSubfolderSpec = 0;
			files = (
			);
			runOnlyForDeploymentPostprocessing = 1;
		};
/* End PBXCopyFilesBuildPhase section */

/* Begin PBXFileReference section */
		92B0A83F19A5EBFD00FBC456 /* stdio */ = {isa = PBXFileReference; explicitFileType = "compiled.mach-o.executable"; includeInIndex = 0; path = stdio; sourceTree = BUILT_PRODUCTS_DIR; };
		92B0A84219A5EBFD00FBC456 /* main.swift */ = {isa = PBXFileReference; lastKnownFileType = sourcecode.swift; path = main.swift; sourceTree = "<group>"; };
		92B0A84919A5EC0900FBC456 /* stdio.swift */ = {isa = PBXFileReference; fileEncoding = 4; lastKnownFileType = sourcecode.swift; path = stdio.swift; sourceTree = "<group>"; };
/* End PBXFileReference section */

/* Begin PBXFrameworksBuildPhase section */
		92B0A83C19A5EBFD00FBC456 /* Frameworks */ = {
			isa = PBXFrameworksBuildPhase;
			buildActionMask = 2147483647;
			files = (
			);
			runOnlyForDeploymentPostprocessing = 0;
		};
/* End PBXFrameworksBuildPhase section */

/* Begin PBXGroup section */
		92B0A83619A5EBFD00FBC456 = {
			isa = PBXGroup;
			children = (
				92B0A84119A5EBFD00FBC456 /* stdio */,
				92B0A84019A5EBFD00FBC456 /* Products */,
			);
			sourceTree = "<group>";
		};
		92B0A84019A5EBFD00FBC456 /* Products */ = {
			isa = PBXGroup;
			children = (
				92B0A83F19A5EBFD00FBC456 /* stdio */,
			);
			name = Products;
			sourceTree = "<group>";
		};
		92B0A84119A5EBFD00FBC456 /* stdio */ = {
			isa = PBXGroup;
			children = (
				92B0A84219A5EBFD00FBC456 /* main.swift */,
				92B0A84919A5EC0900FBC456 /* stdio.swift */,
			);
			path = stdio;
			sourceTree = "<group>";
		};
/* End PBXGroup section */

/* Begin PBXNativeTarget section */
		92B0A83E19A5EBFD00FBC456 /* stdio */ = {
			isa = PBXNativeTarget;
			buildConfigurationList = 92B0A84619A5EBFD00FBC456 /* Build configuration list for PBXNativeTarget "stdio" */;
			buildPhases = (
				92B0A83B19A5EBFD00FBC456 /* Sources */,
				92B0A83C19A5EBFD00FBC456 /* Frameworks */,
				92B0A83D19A5EBFD00FBC456 /* CopyFiles */,
			);
			buildRules = (
			);
			dependencies = (
			);
			name = stdio;
			productName = stdio;
			productReference = 92B0A83F19A5EBFD00FBC456 /* stdio */;
			productType = "com.apple.product-type.tool";
		};
/* End PBXNativeTarget section */

/* Begin PBXProject section */
		92B0A83719A5EBFD00FBC456 /* Project object */ = {
			isa = PBXProject;
			attributes = {
				LastUpgradeCheck = 0600;
				ORGANIZATIONNAME = kamimura;
				TargetAttributes = {
					92B0A83E19A5EBFD00FBC456 = {
						CreatedOnToolsVersion = 6.0;
					};
				};
			};
			buildConfigurationList = 92B0A83A19A5EBFD00FBC456 /* Build configuration list for PBXProject "stdio" */;
			compatibilityVersion = "Xcode 3.2";
			developmentRegion = English;
			hasScannedForEncodings = 0;
			knownRegions = (
				en,
			);
			mainGroup = 92B0A83619A5EBFD00FBC456;
			productRefGroup = 92B0A84019A5EBFD00FBC456 /* Products */;
			projectDirPath = "";
			projectRoot = "";
			targets = (
				92B0A83E19A5EBFD00FBC456 /* stdio */,
			);
		};
/* End PBXProject section */

/* Begin PBXSourcesBuildPhase section */
		92B0A83B19A5EBFD00FBC456 /* Sources */ = {
			isa = PBXSourcesBuildPhase;
			buildActionMask = 2147483647;
			files = (
				92B0A84319A5EBFD00FBC456 /* main.swift in Sources */,
				92B0A84A19A5EC0900FBC456 /* stdio.swift in Sources */,
			);
			runOnlyForDeploymentPostprocessing = 0;
		};
/* End PBXSourcesBuildPhase section */

/* Begin XCBuildConfiguration section */
		92B0A84419A5EBFD00FBC456 /* Debug */ = {
			isa = XCBuildConfiguration;
			buildSettings = {
				ALWAYS_SEARCH_USER_PATHS = NO;
				CLANG_CXX_LANGUAGE_STANDARD = "gnu++0x";
				CLANG_CXX_LIBRARY = "libc++";
				CLANG_ENABLE_MODULES = YES;
				CLANG_ENABLE_OBJC_ARC = YES;
				CLANG_WARN_BOOL_CONVERSION = YES;
				CLANG_WARN_CONSTANT_CONVERSION = YES;
				CLANG_WARN_DIRECT_OBJC_ISA_USAGE = YES_ERROR;
				CLANG_WARN_EMPTY_BODY = YES;
				CLANG_WARN_ENUM_CONVERSION = YES;
				CLANG_WARN_INT_CONVERSION = YES;
				CLANG_WARN_OBJC_ROOT_CLASS = YES_ERROR;
				CLANG_WARN_UNREACHABLE_CODE = YES;
				CLANG_WARN__DUPLICATE_METHOD_MATCH = YES;
				COPY_PHASE_STRIP = NO;
				ENABLE_STRICT_OBJC_MSGSEND = YES;
				GCC_C_LANGUAGE_STANDARD = gnu99;
				GCC_DYNAMIC_NO_PIC = NO;
				GCC_OPTIMIZATION_LEVEL = 0;
				GCC_PREPROCESSOR_DEFINITIONS = (
					"DEBUG=1",
					"$(inherited)",
				);
				GCC_SYMBOLS_PRIVATE_EXTERN = NO;
				GCC_WARN_64_TO_32_BIT_CONVERSION = YES;
				GCC_WARN_ABOUT_RETURN_TYPE = YES_ERROR;
				GCC_WARN_UNDECLARED_SELECTOR = YES;
				GCC_WARN_UNINITIALIZED_AUTOS = YES_AGGRESSIVE;
				GCC_WARN_UNUSED_FUNCTION = YES;
				GCC_WARN_UNUSED_VARIABLE = YES;
				MACOSX_DEPLOYMENT_TARGET = 10.9;
				MTL_ENABLE_DEBUG_INFO = YES;
				ONLY_ACTIVE_ARCH = YES;
				SDKROOT = macosx;
				SWIFT_OPTIMIZATION_LEVEL = "-Onone";
			};
			name = Debug;
		};
		92B0A84519A5EBFD00FBC456 /* Release */ = {
			isa = XCBuildConfiguration;
			buildSettings = {
				ALWAYS_SEARCH_USER_PATHS = NO;
				CLANG_CXX_LANGUAGE_STANDARD = "gnu++0x";
				CLANG_CXX_LIBRARY = "libc++";
				CLANG_ENABLE_MODULES = YES;
				CLANG_ENABLE_OBJC_ARC = YES;
				CLANG_WARN_BOOL_CONVERSION = YES;
				CLANG_WARN_CONSTANT_CONVERSION = YES;
				CLANG_WARN_DIRECT_OBJC_ISA_USAGE = YES_ERROR;
				CLANG_WARN_EMPTY_BODY = YES;
				CLANG_WARN_ENUM_CONVERSION = YES;
				CLANG_WARN_INT_CONVERSION = YES;
				CLANG_WARN_OBJC_ROOT_CLASS = YES_ERROR;
				CLANG_WARN_UNREACHABLE_CODE = YES;
				CLANG_WARN__DUPLICATE_METHOD_MATCH = YES;
				COPY_PHASE_STRIP = YES;
				DEBUG_INFORMATION_FORMAT = "dwarf-with-dsym";
				ENABLE_NS_ASSERTIONS = NO;
				ENABLE_STRICT_OBJC_MSGSEND = YES;
				GCC_C_LANGUAGE_STANDARD = gnu99;
				GCC_WARN_64_TO_32_BIT_CONVERSION = YES;
				GCC_WARN_ABOUT_RETURN_TYPE = YES_ERROR;
				GCC_WARN_UNDECLARED_SELECTOR = YES;
				GCC_WARN_UNINITIALIZED_AUTOS = YES_AGGRESSIVE;
				GCC_WARN_UNUSED_FUNCTION = YES;
				GCC_WARN_UNUSED_VARIABLE = YES;
				MACOSX_DEPLOYMENT_TARGET = 10.9;
				MTL_ENABLE_DEBUG_INFO = NO;
				SDKROOT = macosx;
			};
			name = Release;
		};
		92B0A84719A5EBFD00FBC456 /* Debug */ = {
			isa = XCBuildConfiguration;
			buildSettings = {
				PRODUCT_NAME = "$(TARGET_NAME)";
			};
			name = Debug;
		};
		92B0A84819A5EBFD00FBC456 /* Release */ = {
			isa = XCBuildConfiguration;
			buildSettings = {
				PRODUCT_NAME = "$(TARGET_NAME)";
			};
			name = Release;
		};
/* End XCBuildConfiguration section */

/* Begin XCConfigurationList section */
		92B0A83A19A5EBFD00FBC456 /* Build configuration list for PBXProject "stdio" */ = {
			isa = XCConfigurationList;
			buildConfigurations = (
				92B0A84419A5EBFD00FBC456 /* Debug */,
				92B0A84519A5EBFD00FBC456 /* Release */,
			);
			defaultConfigurationIsVisible = 0;
			defaultConfigurationName = Release;
		};
		92B0A84619A5EBFD00FBC456 /* Build configuration list for PBXNativeTarget "stdio" */ = {
			isa = XCConfigurationList;
			buildConfigurations = (
				92B0A84719A5EBFD00FBC456 /* Debug */,
				92B0A84819A5EBFD00FBC456 /* Release */,
			);
			defaultConfigurationIsVisible = 0;
		};
/* End XCConfigurationList section */
	};
	rootObject = 92B0A83719A5EBFD00FBC456 /* Project object */;
}
